
Microsoft Visual Studio Solution File, Format Version 12.00
# Visual Studio Version 16
VisualStudioVersion = 16.0.31729.503
MinimumVisualStudioVersion = 10.0.40219.1
Project("{8BC9CEB8-8B4A-11D0-8D11-00A0C91BC942}") = "bad_alloc", "bad_alloc\bad_alloc.vcxproj", "{FB3BEACE-20A3-4804-820A-A8469C253984}"
EndProject
Global
	GlobalSection(SolutionConfigurationPlatforms) = preSolution
		Debug|x64 = Debug|x64
		Debug|x86 = Debug|x86
		Release|x64 = Release|x64
		Release|x86 = Release|x86
	EndGlobalSection
	GlobalSection(ProjectConfigurationPlatforms) = postSolution
		{FB3BEACE-20A3-4804-820A-A8469C253984}.Debug|x64.ActiveCfg = Debug|x64
		{FB3BEACE-20A3-4804-820A-A8469C253984}.Debug|x64.Build.0 = Debug|x64
		{FB3BEACE-20A3-4804-820A-A8469C253984}.Debug|x86.ActiveCfg = Debug|Win32
		{FB3BEACE-20A3-4804-820A-A8469C253984}.Debug|x86.Build.0 = Debug|Win32
		{FB3BEACE-20A3-4804-820A-A8469C253984}.Release|x64.ActiveCfg = Release|x64
		{FB3BEACE-20A3-4804-820A-A8469C253984}.Release|x64.Build.0 = Release|x64
		{FB3BEACE-20A3-4804-820A-A8469C253984}.Release|x86.ActiveCfg = Release|Win32
		{FB3BEACE-20A3-4804-820A-A8469C253984}.Release|x86.Build.0 = Release|Win32
	EndGlobalSection
	GlobalSection(SolutionProperties) = preSolution
		HideSolutionNode = FALSE
	EndGlobalSection
	GlobalSection(ExtensibilityGlobals) = postSolution
		SolutionGuid = {45EACC11-3EC0-4EC1-A3AF-C4B81C836EF4}
	EndGlobalSection
EndGlobal
